
Microsoft Visual Studio Solution File, Format Version 12.00
# Visual Studio Version 17
VisualStudioVersion = 17.5.33516.290
MinimumVisualStudioVersion = 10.0.40219.1
Project("{FAE04EC0-301F-11D3-BF4B-00C04F79EFBC}") = "FinancialDataAnalysis", "FinancialDataAnalysis\FinancialDataAnalysis.csproj", "{3B10FD07-7115-4883-9367-3CD76871E7C9}"
EndProject
Project("{FAE04EC0-301F-11D3-BF4B-00C04F79EFBC}") = "TestFinancialDataAnalysis", "TestFinancialDataAnalysis\TestFinancialDataAnalysis.csproj", "{63402B46-939C-40A2-ACDC-36E9EA533475}"
EndProject
Global
	GlobalSection(SolutionConfigurationPlatforms) = preSolution
		Debug|Any CPU = Debug|Any CPU
		Release|Any CPU = Release|Any CPU
	EndGlobalSection
	GlobalSection(ProjectConfigurationPlatforms) = postSolution
		{3B10FD07-7115-4883-9367-3CD76871E7C9}.Debug|Any CPU.ActiveCfg = Debug|Any CPU
		{3B10FD07-7115-4883-9367-3CD76871E7C9}.Debug|Any CPU.Build.0 = Debug|Any CPU
		{3B10FD07-7115-4883-9367-3CD76871E7C9}.Release|Any CPU.ActiveCfg = Release|Any CPU
		{3B10FD07-7115-4883-9367-3CD76871E7C9}.Release|Any CPU.Build.0 = Release|Any CPU
		{63402B46-939C-40A2-ACDC-36E9EA533475}.Debug|Any CPU.ActiveCfg = Debug|Any CPU
		{63402B46-939C-40A2-ACDC-36E9EA533475}.Debug|Any CPU.Build.0 = Debug|Any CPU
		{63402B46-939C-40A2-ACDC-36E9EA533475}.Release|Any CPU.ActiveCfg = Release|Any CPU
		{63402B46-939C-40A2-ACDC-36E9EA533475}.Release|Any CPU.Build.0 = Release|Any CPU
	EndGlobalSection
	GlobalSection(SolutionProperties) = preSolution
		HideSolutionNode = FALSE
	EndGlobalSection
	GlobalSection(ExtensibilityGlobals) = postSolution
		SolutionGuid = {B5BD4B07-4406-438C-A07A-1B3303DE7374}
	EndGlobalSection
EndGlobal
